
Microsoft Visual Studio Solution File, Format Version 12.00
# Visual Studio 15
VisualStudioVersion = 15.0.28307.1525
MinimumVisualStudioVersion = 10.0.40219.1
Project("{E24C65DC-7377-472B-9ABA-BC803B73C61A}") = "BookClubProject", "BookClubProject\", "{69E53E0E-D5F7-408C-B69A-2EA1B3789A44}"
	ProjectSection(WebsiteProperties) = preProject
		TargetFrameworkMoniker = ".NETFramework,Version%3Dv4.6.1"
		Debug.AspNetCompiler.VirtualPath = "/localhost_50507"
		Debug.AspNetCompiler.PhysicalPath = "BookClubProject\"
		Debug.AspNetCompiler.TargetPath = "PrecompiledWeb\localhost_50507\"
		Debug.AspNetCompiler.Updateable = "true"
		Debug.AspNetCompiler.ForceOverwrite = "true"
		Debug.AspNetCompiler.FixedNames = "false"
		Debug.AspNetCompiler.Debug = "True"
		Release.AspNetCompiler.VirtualPath = "/localhost_50507"
		Release.AspNetCompiler.PhysicalPath = "BookClubProject\"
		Release.AspNetCompiler.TargetPath = "PrecompiledWeb\localhost_50507\"
		Release.AspNetCompiler.Updateable = "true"
		Release.AspNetCompiler.ForceOverwrite = "true"
		Release.AspNetCompiler.FixedNames = "false"
		Release.AspNetCompiler.Debug = "False"
		VWDPort = "50507"
		SlnRelativePath = "BookClubProject\"
		DefaultWebSiteLanguage = "Visual C#"
	EndProjectSection
EndProject
Global
	GlobalSection(SolutionConfigurationPlatforms) = preSolution
		Debug|Any CPU = Debug|Any CPU
	EndGlobalSection
	GlobalSection(ProjectConfigurationPlatforms) = postSolution
		{69E53E0E-D5F7-408C-B69A-2EA1B3789A44}.Debug|Any CPU.ActiveCfg = Debug|Any CPU
		{69E53E0E-D5F7-408C-B69A-2EA1B3789A44}.Debug|Any CPU.Build.0 = Debug|Any CPU
	EndGlobalSection
	GlobalSection(SolutionProperties) = preSolution
		HideSolutionNode = FALSE
	EndGlobalSection
	GlobalSection(ExtensibilityGlobals) = postSolution
		SolutionGuid = {FC513A5C-2C1A-48F9-A5E5-A73F2783577D}
	EndGlobalSection
EndGlobal
